{
  "requires": true,
  "lockfileVersion": 1,
  "dependencies": {
    "@fortawesome/fontawesome": {
      "version": "http://registry.npm.taobao.org/@fortawesome/fontawesome/download/@fortawesome/fontawesome-1.1.8.tgz",
      "requires": {
        "@fortawesome/fontawesome-common-types": "^0.1.7"
      },
      "dependencies": {
        "@fortawesome/fontawesome-common-types": {
          "version": "0.1.7",
          "bundled": true
        }
      }
    },
    "@fortawesome/fontawesome-common-types": {
      "version": "http://registry.npm.taobao.org/@fortawesome/fontawesome-common-types/download/@fortawesome/fontawesome-common-types-0.1.7.tgz"
    },
    "@fortawesome/fontawesome-free-brands": {
      "version": "5.0.13",
      "resolved": "https://registry.npmjs.org/@fortawesome/fontawesome-free-brands/-/fontawesome-free-brands-5.0.13.tgz",
      "integrity": "sha512-xC/sEPpfcJPvUbud2GyscLCLQlE2DVBYaTHVwuyVGliYBdYejSEYMINU8FN5A0xhO68yCbpCfMlBv6Gqby+jww==",
      "requires": {
        "@fortawesome/fontawesome-common-types": "^0.1.7"
      }
    },
    "@fortawesome/fontawesome-free-regular": {
      "version": "5.0.13",
      "resolved": "https://registry.npmjs.org/@fortawesome/fontawesome-free-regular/-/fontawesome-free-regular-5.0.13.tgz",
      "integrity": "sha512-36lz9Idww1L4QaaTcv7GZiOeIP9emJFDUsedvRovI10kmwyd6rN0PKkIjnq0FB4foLhX4Rou8vnbCCmjtqiLug==",
      "requires": {
        "@fortawesome/fontawesome-common-types": "^0.1.7"
      }
    },
    "@fortawesome/fontawesome-free-solid": {
      "version": "5.0.13",
      "resolved": "https://registry.npmjs.org/@fortawesome/fontawesome-free-solid/-/fontawesome-free-solid-5.0.13.tgz",
      "integrity": "sha512-b+krVnqkdDt52Yfev0x0ZZgtxBQsLw00Zfa3uaVWIDzpNZVtrEXuxldUSUaN/ihgGhSNi8VpvDAdNPVgCKOSxw==",
      "requires": {
        "@fortawesome/fontawesome-common-types": "^0.1.7"
      }
    },
    "@fortawesome/vue-fontawesome": {
      "version": "http://registry.npm.taobao.org/@fortawesome/vue-fontawesome/download/@fortawesome/vue-fontawesome-0.0.22.tgz"
    }
  }
}
